
Microsoft Visual Studio Solution File, Format Version 12.00
# Visual Studio Version 17
VisualStudioVersion = 17.4.33110.190
MinimumVisualStudioVersion = 10.0.40219.1
Project("{FAE04EC0-301F-11D3-BF4B-00C04F79EFBC}") = "DragAndDrop", "DragAndDrop\DragAndDrop.csproj", "{09F6E04E-B692-4006-AC39-35C36DD39379}"
EndProject
Global
	GlobalSection(SolutionConfigurationPlatforms) = preSolution
		Debug|Any CPU = Debug|Any CPU
		Release|Any CPU = Release|Any CPU
	EndGlobalSection
	GlobalSection(ProjectConfigurationPlatforms) = postSolution
		{09F6E04E-B692-4006-AC39-35C36DD39379}.Debug|Any CPU.ActiveCfg = Debug|Any CPU
		{09F6E04E-B692-4006-AC39-35C36DD39379}.Debug|Any CPU.Build.0 = Debug|Any CPU
		{09F6E04E-B692-4006-AC39-35C36DD39379}.Release|Any CPU.ActiveCfg = Release|Any CPU
		{09F6E04E-B692-4006-AC39-35C36DD39379}.Release|Any CPU.Build.0 = Release|Any CPU
	EndGlobalSection
	GlobalSection(SolutionProperties) = preSolution
		HideSolutionNode = FALSE
	EndGlobalSection
	GlobalSection(ExtensibilityGlobals) = postSolution
		SolutionGuid = {60F51C04-11FB-45AF-B1C6-C84725C9F735}
	EndGlobalSection
EndGlobal
