
Microsoft Visual Studio Solution File, Format Version 12.00
# Visual Studio Version 17
VisualStudioVersion = 17.4.33110.190
MinimumVisualStudioVersion = 10.0.40219.1
Project("{FAE04EC0-301F-11D3-BF4B-00C04F79EFBC}") = "ToDoList", "ToDoList\ToDoList.csproj", "{B4B4B645-A6EF-4D99-86BE-A520A9E17ADE}"
EndProject
Global
	GlobalSection(SolutionConfigurationPlatforms) = preSolution
		Debug|Any CPU = Debug|Any CPU
		Release|Any CPU = Release|Any CPU
	EndGlobalSection
	GlobalSection(ProjectConfigurationPlatforms) = postSolution
		{B4B4B645-A6EF-4D99-86BE-A520A9E17ADE}.Debug|Any CPU.ActiveCfg = Debug|Any CPU
		{B4B4B645-A6EF-4D99-86BE-A520A9E17ADE}.Debug|Any CPU.Build.0 = Debug|Any CPU
		{B4B4B645-A6EF-4D99-86BE-A520A9E17ADE}.Release|Any CPU.ActiveCfg = Release|Any CPU
		{B4B4B645-A6EF-4D99-86BE-A520A9E17ADE}.Release|Any CPU.Build.0 = Release|Any CPU
	EndGlobalSection
	GlobalSection(SolutionProperties) = preSolution
		HideSolutionNode = FALSE
	EndGlobalSection
	GlobalSection(ExtensibilityGlobals) = postSolution
		SolutionGuid = {857ABB59-EB1D-4795-A34D-C68B3BBF9412}
	EndGlobalSection
EndGlobal
